
Microsoft Visual Studio Solution File, Format Version 12.00
# Visual Studio 14
VisualStudioVersion = 14.0.23107.0
MinimumVisualStudioVersion = 10.0.40219.1
Project("{FAE04EC0-301F-11D3-BF4B-00C04F79EFBC}") = "Mathmagician", "Mathmagician.csproj", "{93199476-3F88-4A64-9BE4-F7AF563DFD08}"
EndProject
Project("{FAE04EC0-301F-11D3-BF4B-00C04F79EFBC}") = "MathmagicianTests", "..\MathmagicianTests\MathmagicianTests.csproj", "{2CD30746-579A-4168-A9E5-E8088514AD52}"
EndProject
Global
	GlobalSection(SolutionConfigurationPlatforms) = preSolution
		Debug|Any CPU = Debug|Any CPU
		Release|Any CPU = Release|Any CPU
	EndGlobalSection
	GlobalSection(ProjectConfigurationPlatforms) = postSolution
		{93199476-3F88-4A64-9BE4-F7AF563DFD08}.Debug|Any CPU.ActiveCfg = Debug|Any CPU
		{93199476-3F88-4A64-9BE4-F7AF563DFD08}.Debug|Any CPU.Build.0 = Debug|Any CPU
		{93199476-3F88-4A64-9BE4-F7AF563DFD08}.Release|Any CPU.ActiveCfg = Release|Any CPU
		{93199476-3F88-4A64-9BE4-F7AF563DFD08}.Release|Any CPU.Build.0 = Release|Any CPU
		{2CD30746-579A-4168-A9E5-E8088514AD52}.Debug|Any CPU.ActiveCfg = Debug|Any CPU
		{2CD30746-579A-4168-A9E5-E8088514AD52}.Debug|Any CPU.Build.0 = Debug|Any CPU
		{2CD30746-579A-4168-A9E5-E8088514AD52}.Release|Any CPU.ActiveCfg = Release|Any CPU
		{2CD30746-579A-4168-A9E5-E8088514AD52}.Release|Any CPU.Build.0 = Release|Any CPU
	EndGlobalSection
	GlobalSection(SolutionProperties) = preSolution
		HideSolutionNode = FALSE
	EndGlobalSection
EndGlobal
